
Microsoft Visual Studio Solution File, Format Version 12.00
# Visual Studio 15
VisualStudioVersion = 15.0.27703.2018
MinimumVisualStudioVersion = 10.0.40219.1
Project("{FAE04EC0-301F-11D3-BF4B-00C04F79EFBC}") = "SteamStorefront", "SteamStorefront\SteamStorefront.csproj", "{482C4CD2-4F43-4CA5-83F8-F4046F1FF212}"
EndProject
Global
	GlobalSection(SolutionConfigurationPlatforms) = preSolution
		Debug|Any CPU = Debug|Any CPU
		Release|Any CPU = Release|Any CPU
	EndGlobalSection
	GlobalSection(ProjectConfigurationPlatforms) = postSolution
		{482C4CD2-4F43-4CA5-83F8-F4046F1FF212}.Debug|Any CPU.ActiveCfg = Debug|Any CPU
		{482C4CD2-4F43-4CA5-83F8-F4046F1FF212}.Debug|Any CPU.Build.0 = Debug|Any CPU
		{482C4CD2-4F43-4CA5-83F8-F4046F1FF212}.Release|Any CPU.ActiveCfg = Release|Any CPU
		{482C4CD2-4F43-4CA5-83F8-F4046F1FF212}.Release|Any CPU.Build.0 = Release|Any CPU
	EndGlobalSection
	GlobalSection(SolutionProperties) = preSolution
		HideSolutionNode = FALSE
	EndGlobalSection
	GlobalSection(ExtensibilityGlobals) = postSolution
		SolutionGuid = {8DCDC890-F09E-4429-B814-75FD49E2D6CA}
	EndGlobalSection
EndGlobal
